// !$*UTF8*$!
{
	archiveVersion = 1;
	classes = {
	};
	objectVersion = 55;
	objects = {

/* Begin PBXBuildFile section */
		8380D93928AF1A1C0071AC5C /* OnboardingViewController.swift in Sources */ = {isa = PBXBuildFile; fileRef = 8380D93828AF1A1C0071AC5C /* OnboardingViewController.swift */; };
		83D960CF28A2583800D7825C /* AppDelegate.swift in Sources */ = {isa = PBXBuildFile; fileRef = 83D960CE28A2583800D7825C /* AppDelegate.swift */; };
		83D960D328A2583800D7825C /* LoginViewController.swift in Sources */ = {isa = PBXBuildFile; fileRef = 83D960D228A2583800D7825C /* LoginViewController.swift */; };
		83D960D828A2583900D7825C /* Assets.xcassets in Resources */ = {isa = PBXBuildFile; fileRef = 83D960D728A2583900D7825C /* Assets.xcassets */; };
		83D960DB28A2583900D7825C /* LaunchScreen.storyboard in Resources */ = {isa = PBXBuildFile; fileRef = 83D960D928A2583900D7825C /* LaunchScreen.storyboard */; };
		83D960E628A2583900D7825C /* NetherchatTests.swift in Sources */ = {isa = PBXBuildFile; fileRef = 83D960E528A2583900D7825C /* NetherchatTests.swift */; };
		83D960F028A2583A00D7825C /* NetherchatUITests.swift in Sources */ = {isa = PBXBuildFile; fileRef = 83D960EF28A2583A00D7825C /* NetherchatUITests.swift */; };
		83D960F228A2583A00D7825C /* NetherchatUITestsLaunchTests.swift in Sources */ = {isa = PBXBuildFile; fileRef = 83D960F128A2583A00D7825C /* NetherchatUITestsLaunchTests.swift */; };
		83D9610128A4C70B00D7825C /* LoginView.swift in Sources */ = {isa = PBXBuildFile; fileRef = 83D9610028A4C70B00D7825C /* LoginView.swift */; };
		83D9610428AF005E00D7825C /* OnboardingContainerViewController.swift in Sources */ = {isa = PBXBuildFile; fileRef = 83D9610328AF005E00D7825C /* OnboardingContainerViewController.swift */; };
/* End PBXBuildFile section */

/* Begin PBXContainerItemProxy section */
		83D960E228A2583900D7825C /* PBXContainerItemProxy */ = {
			isa = PBXContainerItemProxy;
			containerPortal = 83D960C328A2583800D7825C /* Project object */;
			proxyType = 1;
			remoteGlobalIDString = 83D960CA28A2583800D7825C;
			remoteInfo = Netherchat;
		};
		83D960EC28A2583A00D7825C /* PBXContainerItemProxy */ = {
			isa = PBXContainerItemProxy;
			containerPortal = 83D960C328A2583800D7825C /* Project object */;
			proxyType = 1;
			remoteGlobalIDString = 83D960CA28A2583800D7825C;
			remoteInfo = Netherchat;
		};
/* End PBXContainerItemProxy section */

/* Begin PBXFileReference section */
		8380D93828AF1A1C0071AC5C /* OnboardingViewController.swift */ = {isa = PBXFileReference; lastKnownFileType = sourcecode.swift; path = OnboardingViewController.swift; sourceTree = "<group>"; };
		83D960CB28A2583800D7825C /* Netherchat.app */ = {isa = PBXFileReference; explicitFileType = wrapper.application; includeInIndex = 0; path = Netherchat.app; sourceTree = BUILT_PRODUCTS_DIR; };
		83D960CE28A2583800D7825C /* AppDelegate.swift */ = {isa = PBXFileReference; lastKnownFileType = sourcecode.swift; path = AppDelegate.swift; sourceTree = "<group>"; };
		83D960D228A2583800D7825C /* LoginViewController.swift */ = {isa = PBXFileReference; lastKnownFileType = sourcecode.swift; path = LoginViewController.swift; sourceTree = "<group>"; };
		83D960D728A2583900D7825C /* Assets.xcassets */ = {isa = PBXFileReference; lastKnownFileType = folder.assetcatalog; path = Assets.xcassets; sourceTree = "<group>"; };
		83D960DA28A2583900D7825C /* Base */ = {isa = PBXFileReference; lastKnownFileType = file.storyboard; name = Base; path = Base.lproj/LaunchScreen.storyboard; sourceTree = "<group>"; };
		83D960DC28A2583900D7825C /* Info.plist */ = {isa = PBXFileReference; lastKnownFileType = text.plist.xml; path = Info.plist; sourceTree = "<group>"; };
		83D960E128A2583900D7825C /* NetherchatTests.xctest */ = {isa = PBXFileReference; explicitFileType = wrapper.cfbundle; includeInIndex = 0; path = NetherchatTests.xctest; sourceTree = BUILT_PRODUCTS_DIR; };
		83D960E528A2583900D7825C /* NetherchatTests.swift */ = {isa = PBXFileReference; lastKnownFileType = sourcecode.swift; path = NetherchatTests.swift; sourceTree = "<group>"; };
		83D960EB28A2583A00D7825C /* NetherchatUITests.xctest */ = {isa = PBXFileReference; explicitFileType = wrapper.cfbundle; includeInIndex = 0; path = NetherchatUITests.xctest; sourceTree = BUILT_PRODUCTS_DIR; };
		83D960EF28A2583A00D7825C /* NetherchatUITests.swift */ = {isa = PBXFileReference; lastKnownFileType = sourcecode.swift; path = NetherchatUITests.swift; sourceTree = "<group>"; };
		83D960F128A2583A00D7825C /* NetherchatUITestsLaunchTests.swift */ = {isa = PBXFileReference; lastKnownFileType = sourcecode.swift; path = NetherchatUITestsLaunchTests.swift; sourceTree = "<group>"; };
		83D9610028A4C70B00D7825C /* LoginView.swift */ = {isa = PBXFileReference; lastKnownFileType = sourcecode.swift; path = LoginView.swift; sourceTree = "<group>"; };
		83D9610328AF005E00D7825C /* OnboardingContainerViewController.swift */ = {isa = PBXFileReference; lastKnownFileType = sourcecode.swift; path = OnboardingContainerViewController.swift; sourceTree = "<group>"; };
/* End PBXFileReference section */

/* Begin PBXFrameworksBuildPhase section */
		83D960C828A2583800D7825C /* Frameworks */ = {
			isa = PBXFrameworksBuildPhase;
			buildActionMask = 2147483647;
			files = (
			);
			runOnlyForDeploymentPostprocessing = 0;
		};
		83D960DE28A2583900D7825C /* Frameworks */ = {
			isa = PBXFrameworksBuildPhase;
			buildActionMask = 2147483647;
			files = (
			);
			runOnlyForDeploymentPostprocessing = 0;
		};
		83D960E828A2583A00D7825C /* Frameworks */ = {
			isa = PBXFrameworksBuildPhase;
			buildActionMask = 2147483647;
			files = (
			);
			runOnlyForDeploymentPostprocessing = 0;
		};
/* End PBXFrameworksBuildPhase section */

/* Begin PBXGroup section */
		83D960C228A2583800D7825C = {
			isa = PBXGroup;
			children = (
				83D960CD28A2583800D7825C /* Netherchat */,
				83D960E428A2583900D7825C /* NetherchatTests */,
				83D960EE28A2583A00D7825C /* NetherchatUITests */,
				83D960CC28A2583800D7825C /* Products */,
			);
			sourceTree = "<group>";
		};
		83D960CC28A2583800D7825C /* Products */ = {
			isa = PBXGroup;
			children = (
				83D960CB28A2583800D7825C /* Netherchat.app */,
				83D960E128A2583900D7825C /* NetherchatTests.xctest */,
				83D960EB28A2583A00D7825C /* NetherchatUITests.xctest */,
			);
			name = Products;
			sourceTree = "<group>";
		};
		83D960CD28A2583800D7825C /* Netherchat */ = {
			isa = PBXGroup;
			children = (
				83D9610228AEFFC400D7825C /* Onboarding */,
				83D960FE28A4C5A300D7825C /* Files */,
				83D960FF28A4C63300D7825C /* Login */,
				83D960CE28A2583800D7825C /* AppDelegate.swift */,
			);
			path = Netherchat;
			sourceTree = "<group>";
		};
		83D960E428A2583900D7825C /* NetherchatTests */ = {
			isa = PBXGroup;
			children = (
				83D960E528A2583900D7825C /* NetherchatTests.swift */,
			);
			path = NetherchatTests;
			sourceTree = "<group>";
		};
		83D960EE28A2583A00D7825C /* NetherchatUITests */ = {
			isa = PBXGroup;
			children = (
				83D960EF28A2583A00D7825C /* NetherchatUITests.swift */,
				83D960F128A2583A00D7825C /* NetherchatUITestsLaunchTests.swift */,
			);
			path = NetherchatUITests;
			sourceTree = "<group>";
		};
		83D960FE28A4C5A300D7825C /* Files */ = {
			isa = PBXGroup;
			children = (
				83D960D728A2583900D7825C /* Assets.xcassets */,
				83D960D928A2583900D7825C /* LaunchScreen.storyboard */,
				83D960DC28A2583900D7825C /* Info.plist */,
			);
			name = Files;
			sourceTree = "<group>";
		};
		83D960FF28A4C63300D7825C /* Login */ = {
			isa = PBXGroup;
			children = (
				83D960D228A2583800D7825C /* LoginViewController.swift */,
				83D9610028A4C70B00D7825C /* LoginView.swift */,
			);
			path = Login;
			sourceTree = "<group>";
		};
		83D9610228AEFFC400D7825C /* Onboarding */ = {
			isa = PBXGroup;
			children = (
				83D9610328AF005E00D7825C /* OnboardingContainerViewController.swift */,
				8380D93828AF1A1C0071AC5C /* OnboardingViewController.swift */,
			);
			path = Onboarding;
			sourceTree = "<group>";
		};
/* End PBXGroup section */

/* Begin PBXNativeTarget section */
		83D960CA28A2583800D7825C /* Netherchat */ = {
			isa = PBXNativeTarget;
			buildConfigurationList = 83D960F528A2583A00D7825C /* Build configuration list for PBXNativeTarget "Netherchat" */;
			buildPhases = (
				83D960C728A2583800D7825C /* Sources */,
				83D960C828A2583800D7825C /* Frameworks */,
				83D960C928A2583800D7825C /* Resources */,
			);
			buildRules = (
			);
			dependencies = (
			);
			name = Netherchat;
			productName = Netherchat;
			productReference = 83D960CB28A2583800D7825C /* Netherchat.app */;
			productType = "com.apple.product-type.application";
		};
		83D960E028A2583900D7825C /* NetherchatTests */ = {
			isa = PBXNativeTarget;
			buildConfigurationList = 83D960F828A2583A00D7825C /* Build configuration list for PBXNativeTarget "NetherchatTests" */;
			buildPhases = (
				83D960DD28A2583900D7825C /* Sources */,
				83D960DE28A2583900D7825C /* Frameworks */,
				83D960DF28A2583900D7825C /* Resources */,
			);
			buildRules = (
			);
			dependencies = (
				83D960E328A2583900D7825C /* PBXTargetDependency */,
			);
			name = NetherchatTests;
			productName = NetherchatTests;
			productReference = 83D960E128A2583900D7825C /* NetherchatTests.xctest */;
			productType = "com.apple.product-type.bundle.unit-test";
		};
		83D960EA28A2583A00D7825C /* NetherchatUITests */ = {
			isa = PBXNativeTarget;
			buildConfigurationList = 83D960FB28A2583A00D7825C /* Build configuration list for PBXNativeTarget "NetherchatUITests" */;
			buildPhases = (
				83D960E728A2583A00D7825C /* Sources */,
				83D960E828A2583A00D7825C /* Frameworks */,
				83D960E928A2583A00D7825C /* Resources */,
			);
			buildRules = (
			);
			dependencies = (
				83D960ED28A2583A00D7825C /* PBXTargetDependency */,
			);
			name = NetherchatUITests;
			productName = NetherchatUITests;
			productReference = 83D960EB28A2583A00D7825C /* NetherchatUITests.xctest */;
			productType = "com.apple.product-type.bundle.ui-testing";
		};
/* End PBXNativeTarget section */

/* Begin PBXProject section */
		83D960C328A2583800D7825C /* Project object */ = {
			isa = PBXProject;
			attributes = {
				BuildIndependentTargetsInParallel = 1;
				LastSwiftUpdateCheck = 1340;
				LastUpgradeCheck = 1340;
				TargetAttributes = {
					83D960CA28A2583800D7825C = {
						CreatedOnToolsVersion = 13.4.1;
					};
					83D960E028A2583900D7825C = {
						CreatedOnToolsVersion = 13.4.1;
						TestTargetID = 83D960CA28A2583800D7825C;
					};
					83D960EA28A2583A00D7825C = {
						CreatedOnToolsVersion = 13.4.1;
						TestTargetID = 83D960CA28A2583800D7825C;
					};
				};
			};
			buildConfigurationList = 83D960C628A2583800D7825C /* Build configuration list for PBXProject "Netherchat" */;
			compatibilityVersion = "Xcode 13.0";
			developmentRegion = en;
			hasScannedForEncodings = 0;
			knownRegions = (
				en,
				Base,
			);
			mainGroup = 83D960C228A2583800D7825C;
			productRefGroup = 83D960CC28A2583800D7825C /* Products */;
			projectDirPath = "";
			projectRoot = "";
			targets = (
				83D960CA28A2583800D7825C /* Netherchat */,
				83D960E028A2583900D7825C /* NetherchatTests */,
				83D960EA28A2583A00D7825C /* NetherchatUITests */,
			);
		};
/* End PBXProject section */

/* Begin PBXResourcesBuildPhase section */
		83D960C928A2583800D7825C /* Resources */ = {
			isa = PBXResourcesBuildPhase;
			buildActionMask = 2147483647;
			files = (
				83D960DB28A2583900D7825C /* LaunchScreen.storyboard in Resources */,
				83D960D828A2583900D7825C /* Assets.xcassets in Resources */,
			);
			runOnlyForDeploymentPostprocessing = 0;
		};
		83D960DF28A2583900D7825C /* Resources */ = {
			isa = PBXResourcesBuildPhase;
			buildActionMask = 2147483647;
			files = (
			);
			runOnlyForDeploymentPostprocessing = 0;
		};
		83D960E928A2583A00D7825C /* Resources */ = {
			isa = PBXResourcesBuildPhase;
			buildActionMask = 2147483647;
			files = (
			);
			runOnlyForDeploymentPostprocessing = 0;
		};
/* End PBXResourcesBuildPhase section */

/* Begin PBXSourcesBuildPhase section */
		83D960C728A2583800D7825C /* Sources */ = {
			isa = PBXSourcesBuildPhase;
			buildActionMask = 2147483647;
			files = (
				83D9610128A4C70B00D7825C /* LoginView.swift in Sources */,
				83D960D328A2583800D7825C /* LoginViewController.swift in Sources */,
				8380D93928AF1A1C0071AC5C /* OnboardingViewController.swift in Sources */,
				83D960CF28A2583800D7825C /* AppDelegate.swift in Sources */,
				83D9610428AF005E00D7825C /* OnboardingContainerViewController.swift in Sources */,
			);
			runOnlyForDeploymentPostprocessing = 0;
		};
		83D960DD28A2583900D7825C /* Sources */ = {
			isa = PBXSourcesBuildPhase;
			buildActionMask = 2147483647;
			files = (
				83D960E628A2583900D7825C /* NetherchatTests.swift in Sources */,
			);
			runOnlyForDeploymentPostprocessing = 0;
		};
		83D960E728A2583A00D7825C /* Sources */ = {
			isa = PBXSourcesBuildPhase;
			buildActionMask = 2147483647;
			files = (
				83D960F228A2583A00D7825C /* NetherchatUITestsLaunchTests.swift in Sources */,
				83D960F028A2583A00D7825C /* NetherchatUITests.swift in Sources */,
			);
			runOnlyForDeploymentPostprocessing = 0;
		};
/* End PBXSourcesBuildPhase section */

/* Begin PBXTargetDependency section */
		83D960E328A2583900D7825C /* PBXTargetDependency */ = {
			isa = PBXTargetDependency;
			target = 83D960CA28A2583800D7825C /* Netherchat */;
			targetProxy = 83D960E228A2583900D7825C /* PBXContainerItemProxy */;
		};
		83D960ED28A2583A00D7825C /* PBXTargetDependency */ = {
			isa = PBXTargetDependency;
			target = 83D960CA28A2583800D7825C /* Netherchat */;
			targetProxy = 83D960EC28A2583A00D7825C /* PBXContainerItemProxy */;
		};
/* End PBXTargetDependency section */

/* Begin PBXVariantGroup section */
		83D960D928A2583900D7825C /* LaunchScreen.storyboard */ = {
			isa = PBXVariantGroup;
			children = (
				83D960DA28A2583900D7825C /* Base */,
			);
			name = LaunchScreen.storyboard;
			sourceTree = "<group>";
		};
/* End PBXVariantGroup section */

/* Begin XCBuildConfiguration section */
		83D960F328A2583A00D7825C /* Debug */ = {
			isa = XCBuildConfiguration;
			buildSettings = {
				ALWAYS_SEARCH_USER_PATHS = NO;
				CLANG_ANALYZER_NONNULL = YES;
				CLANG_ANALYZER_NUMBER_OBJECT_CONVERSION = YES_AGGRESSIVE;
				CLANG_CXX_LANGUAGE_STANDARD = "gnu++17";
				CLANG_ENABLE_MODULES = YES;
				CLANG_ENABLE_OBJC_ARC = YES;
				CLANG_ENABLE_OBJC_WEAK = YES;
				CLANG_WARN_BLOCK_CAPTURE_AUTORELEASING = YES;
				CLANG_WARN_BOOL_CONVERSION = YES;
				CLANG_WARN_COMMA = YES;
				CLANG_WARN_CONSTANT_CONVERSION = YES;
				CLANG_WARN_DEPRECATED_OBJC_IMPLEMENTATIONS = YES;
				CLANG_WARN_DIRECT_OBJC_ISA_USAGE = YES_ERROR;
				CLANG_WARN_DOCUMENTATION_COMMENTS = YES;
				CLANG_WARN_EMPTY_BODY = YES;
				CLANG_WARN_ENUM_CONVERSION = YES;
				CLANG_WARN_INFINITE_RECURSION = YES;
				CLANG_WARN_INT_CONVERSION = YES;
				CLANG_WARN_NON_LITERAL_NULL_CONVERSION = YES;
				CLANG_WARN_OBJC_IMPLICIT_RETAIN_SELF = YES;
				CLANG_WARN_OBJC_LITERAL_CONVERSION = YES;
				CLANG_WARN_OBJC_ROOT_CLASS = YES_ERROR;
				CLANG_WARN_QUOTED_INCLUDE_IN_FRAMEWORK_HEADER = YES;
				CLANG_WARN_RANGE_LOOP_ANALYSIS = YES;
				CLANG_WARN_STRICT_PROTOTYPES = YES;
				CLANG_WARN_SUSPICIOUS_MOVE = YES;
				CLANG_WARN_UNGUARDED_AVAILABILITY = YES_AGGRESSIVE;
				CLANG_WARN_UNREACHABLE_CODE = YES;
				CLANG_WARN__DUPLICATE_METHOD_MATCH = YES;
				COPY_PHASE_STRIP = NO;
				DEBUG_INFORMATION_FORMAT = dwarf;
				ENABLE_STRICT_OBJC_MSGSEND = YES;
				ENABLE_TESTABILITY = YES;
				GCC_C_LANGUAGE_STANDARD = gnu11;
				GCC_DYNAMIC_NO_PIC = NO;
				GCC_NO_COMMON_BLOCKS = YES;
				GCC_OPTIMIZATION_LEVEL = 0;
				GCC_PREPROCESSOR_DEFINITIONS = (
					"DEBUG=1",
					"$(inherited)",
				);
				GCC_WARN_64_TO_32_BIT_CONVERSION = YES;
				GCC_WARN_ABOUT_RETURN_TYPE = YES_ERROR;
				GCC_WARN_UNDECLARED_SELECTOR = YES;
				GCC_WARN_UNINITIALIZED_AUTOS = YES_AGGRESSIVE;
				GCC_WARN_UNUSED_FUNCTION = YES;
				GCC_WARN_UNUSED_VARIABLE = YES;
				IPHONEOS_DEPLOYMENT_TARGET = 15.5;
				MTL_ENABLE_DEBUG_INFO = INCLUDE_SOURCE;
				MTL_FAST_MATH = YES;
				ONLY_ACTIVE_ARCH = YES;
				SDKROOT = iphoneos;
				SWIFT_ACTIVE_COMPILATION_CONDITIONS = DEBUG;
				SWIFT_OPTIMIZATION_LEVEL = "-Onone";
			};
			name = Debug;
		};
		83D960F428A2583A00D7825C /* Release */ = {
			isa = XCBuildConfiguration;
			buildSettings = {
				ALWAYS_SEARCH_USER_PATHS = NO;
				CLANG_ANALYZER_NONNULL = YES;
				CLANG_ANALYZER_NUMBER_OBJECT_CONVERSION = YES_AGGRESSIVE;
				CLANG_CXX_LANGUAGE_STANDARD = "gnu++17";
				CLANG_ENABLE_MODULES = YES;
				CLANG_ENABLE_OBJC_ARC = YES;
				CLANG_ENABLE_OBJC_WEAK = YES;
				CLANG_WARN_BLOCK_CAPTURE_AUTORELEASING = YES;
				CLANG_WARN_BOOL_CONVERSION = YES;
				CLANG_WARN_COMMA = YES;
				CLANG_WARN_CONSTANT_CONVERSION = YES;
				CLANG_WARN_DEPRECATED_OBJC_IMPLEMENTATIONS = YES;
				CLANG_WARN_DIRECT_OBJC_ISA_USAGE = YES_ERROR;
				CLANG_WARN_DOCUMENTATION_COMMENTS = YES;
				CLANG_WARN_EMPTY_BODY = YES;
				CLANG_WARN_ENUM_CONVERSION = YES;
				CLANG_WARN_INFINITE_RECURSION = YES;
				CLANG_WARN_INT_CONVERSION = YES;
				CLANG_WARN_NON_LITERAL_NULL_CONVERSION = YES;
				CLANG_WARN_OBJC_IMPLICIT_RETAIN_SELF = YES;
				CLANG_WARN_OBJC_LITERAL_CONVERSION = YES;
				CLANG_WARN_OBJC_ROOT_CLASS = YES_ERROR;
				CLANG_WARN_QUOTED_INCLUDE_IN_FRAMEWORK_HEADER = YES;
				CLANG_WARN_RANGE_LOOP_ANALYSIS = YES;
				CLANG_WARN_STRICT_PROTOTYPES = YES;
				CLANG_WARN_SUSPICIOUS_MOVE = YES;
				CLANG_WARN_UNGUARDED_AVAILABILITY = YES_AGGRESSIVE;
				CLANG_WARN_UNREACHABLE_CODE = YES;
				CLANG_WARN__DUPLICATE_METHOD_MATCH = YES;
				COPY_PHASE_STRIP = NO;
				DEBUG_INFORMATION_FORMAT = "dwarf-with-dsym";
				ENABLE_NS_ASSERTIONS = NO;
				ENABLE_STRICT_OBJC_MSGSEND = YES;
				GCC_C_LANGUAGE_STANDARD = gnu11;
				GCC_NO_COMMON_BLOCKS = YES;
				GCC_WARN_64_TO_32_BIT_CONVERSION = YES;
				GCC_WARN_ABOUT_RETURN_TYPE = YES_ERROR;
				GCC_WARN_UNDECLARED_SELECTOR = YES;
				GCC_WARN_UNINITIALIZED_AUTOS = YES_AGGRESSIVE;
				GCC_WARN_UNUSED_FUNCTION = YES;
				GCC_WARN_UNUSED_VARIABLE = YES;
				IPHONEOS_DEPLOYMENT_TARGET = 15.5;
				MTL_ENABLE_DEBUG_INFO = NO;
				MTL_FAST_MATH = YES;
				SDKROOT = iphoneos;
				SWIFT_COMPILATION_MODE = wholemodule;
				SWIFT_OPTIMIZATION_LEVEL = "-O";
				VALIDATE_PRODUCT = YES;
			};
			name = Release;
		};
		83D960F628A2583A00D7825C /* Debug */ = {
			isa = XCBuildConfiguration;
			buildSettings = {
				ASSETCATALOG_COMPILER_APPICON_NAME = AppIcon;
				ASSETCATALOG_COMPILER_GLOBAL_ACCENT_COLOR_NAME = AccentColor;
				CODE_SIGN_STYLE = Automatic;
				CURRENT_PROJECT_VERSION = 1;
				DEVELOPMENT_TEAM = HUA84A9AEJ;
				GENERATE_INFOPLIST_FILE = YES;
				INFOPLIST_FILE = Netherchat/Info.plist;
				INFOPLIST_KEY_UIApplicationSupportsIndirectInputEvents = YES;
				INFOPLIST_KEY_UILaunchStoryboardName = LaunchScreen;
				INFOPLIST_KEY_UISupportedInterfaceOrientations_iPad = "UIInterfaceOrientationPortrait UIInterfaceOrientationPortraitUpsideDown UIInterfaceOrientationLandscapeLeft UIInterfaceOrientationLandscapeRight";
				INFOPLIST_KEY_UISupportedInterfaceOrientations_iPhone = "UIInterfaceOrientationPortrait UIInterfaceOrientationLandscapeLeft UIInterfaceOrientationLandscapeRight";
				LD_RUNPATH_SEARCH_PATHS = (
					"$(inherited)",
					"@executable_path/Frameworks",
				);
				MARKETING_VERSION = 1.0;
				PRODUCT_BUNDLE_IDENTIFIER = com.netherchat.Netherchat;
				PRODUCT_NAME = "$(TARGET_NAME)";
				SWIFT_EMIT_LOC_STRINGS = YES;
				SWIFT_VERSION = 5.0;
				TARGETED_DEVICE_FAMILY = "1,2";
			};
			name = Debug;
		};
		83D960F728A2583A00D7825C /* Release */ = {
			isa = XCBuildConfiguration;
			buildSettings = {
				ASSETCATALOG_COMPILER_APPICON_NAME = AppIcon;
				ASSETCATALOG_COMPILER_GLOBAL_ACCENT_COLOR_NAME = AccentColor;
				CODE_SIGN_STYLE = Automatic;
				CURRENT_PROJECT_VERSION = 1;
				DEVELOPMENT_TEAM = HUA84A9AEJ;
				GENERATE_INFOPLIST_FILE = YES;
				INFOPLIST_FILE = Netherchat/Info.plist;
				INFOPLIST_KEY_UIApplicationSupportsIndirectInputEvents = YES;
				INFOPLIST_KEY_UILaunchStoryboardName = LaunchScreen;
				INFOPLIST_KEY_UISupportedInterfaceOrientations_iPad = "UIInterfaceOrientationPortrait UIInterfaceOrientationPortraitUpsideDown UIInterfaceOrientationLandscapeLeft UIInterfaceOrientationLandscapeRight";
				INFOPLIST_KEY_UISupportedInterfaceOrientations_iPhone = "UIInterfaceOrientationPortrait UIInterfaceOrientationLandscapeLeft UIInterfaceOrientationLandscapeRight";
				LD_RUNPATH_SEARCH_PATHS = (
					"$(inherited)",
					"@executable_path/Frameworks",
				);
				MARKETING_VERSION = 1.0;
				PRODUCT_BUNDLE_IDENTIFIER = com.netherchat.Netherchat;
				PRODUCT_NAME = "$(TARGET_NAME)";
				SWIFT_EMIT_LOC_STRINGS = YES;
				SWIFT_VERSION = 5.0;
				TARGETED_DEVICE_FAMILY = "1,2";
			};
			name = Release;
		};
		83D960F928A2583A00D7825C /* Debug */ = {
			isa = XCBuildConfiguration;
			buildSettings = {
				ALWAYS_EMBED_SWIFT_STANDARD_LIBRARIES = YES;
				BUNDLE_LOADER = "$(TEST_HOST)";
				CODE_SIGN_STYLE = Automatic;
				CURRENT_PROJECT_VERSION = 1;
				DEVELOPMENT_TEAM = HUA84A9AEJ;
				GENERATE_INFOPLIST_FILE = YES;
				IPHONEOS_DEPLOYMENT_TARGET = 15.5;
				MARKETING_VERSION = 1.0;
				PRODUCT_BUNDLE_IDENTIFIER = com.netherchat.NetherchatTests;
				PRODUCT_NAME = "$(TARGET_NAME)";
				SWIFT_EMIT_LOC_STRINGS = NO;
				SWIFT_VERSION = 5.0;
				TARGETED_DEVICE_FAMILY = "1,2";
				TEST_HOST = "$(BUILT_PRODUCTS_DIR)/Netherchat.app/Netherchat";
			};
			name = Debug;
		};
		83D960FA28A2583A00D7825C /* Release */ = {
			isa = XCBuildConfiguration;
			buildSettings = {
				ALWAYS_EMBED_SWIFT_STANDARD_LIBRARIES = YES;
				BUNDLE_LOADER = "$(TEST_HOST)";
				CODE_SIGN_STYLE = Automatic;
				CURRENT_PROJECT_VERSION = 1;
				DEVELOPMENT_TEAM = HUA84A9AEJ;
				GENERATE_INFOPLIST_FILE = YES;
				IPHONEOS_DEPLOYMENT_TARGET = 15.5;
				MARKETING_VERSION = 1.0;
				PRODUCT_BUNDLE_IDENTIFIER = com.netherchat.NetherchatTests;
				PRODUCT_NAME = "$(TARGET_NAME)";
				SWIFT_EMIT_LOC_STRINGS = NO;
				SWIFT_VERSION = 5.0;
				TARGETED_DEVICE_FAMILY = "1,2";
				TEST_HOST = "$(BUILT_PRODUCTS_DIR)/Netherchat.app/Netherchat";
			};
			name = Release;
		};
		83D960FC28A2583A00D7825C /* Debug */ = {
			isa = XCBuildConfiguration;
			buildSettings = {
				ALWAYS_EMBED_SWIFT_STANDARD_LIBRARIES = YES;
				CODE_SIGN_STYLE = Automatic;
				CURRENT_PROJECT_VERSION = 1;
				DEVELOPMENT_TEAM = HUA84A9AEJ;
				GENERATE_INFOPLIST_FILE = YES;
				MARKETING_VERSION = 1.0;
				PRODUCT_BUNDLE_IDENTIFIER = com.netherchat.NetherchatUITests;
				PRODUCT_NAME = "$(TARGET_NAME)";
				SWIFT_EMIT_LOC_STRINGS = NO;
				SWIFT_VERSION = 5.0;
				TARGETED_DEVICE_FAMILY = "1,2";
				TEST_TARGET_NAME = Netherchat;
			};
			name = Debug;
		};
		83D960FD28A2583A00D7825C /* Release */ = {
			isa = XCBuildConfiguration;
			buildSettings = {
				ALWAYS_EMBED_SWIFT_STANDARD_LIBRARIES = YES;
				CODE_SIGN_STYLE = Automatic;
				CURRENT_PROJECT_VERSION = 1;
				DEVELOPMENT_TEAM = HUA84A9AEJ;
				GENERATE_INFOPLIST_FILE = YES;
				MARKETING_VERSION = 1.0;
				PRODUCT_BUNDLE_IDENTIFIER = com.netherchat.NetherchatUITests;
				PRODUCT_NAME = "$(TARGET_NAME)";
				SWIFT_EMIT_LOC_STRINGS = NO;
				SWIFT_VERSION = 5.0;
				TARGETED_DEVICE_FAMILY = "1,2";
				TEST_TARGET_NAME = Netherchat;
			};
			name = Release;
		};
/* End XCBuildConfiguration section */

/* Begin XCConfigurationList section */
		83D960C628A2583800D7825C /* Build configuration list for PBXProject "Netherchat" */ = {
			isa = XCConfigurationList;
			buildConfigurations = (
				83D960F328A2583A00D7825C /* Debug */,
				83D960F428A2583A00D7825C /* Release */,
			);
			defaultConfigurationIsVisible = 0;
			defaultConfigurationName = Release;
		};
		83D960F528A2583A00D7825C /* Build configuration list for PBXNativeTarget "Netherchat" */ = {
			isa = XCConfigurationList;
			buildConfigurations = (
				83D960F628A2583A00D7825C /* Debug */,
				83D960F728A2583A00D7825C /* Release */,
			);
			defaultConfigurationIsVisible = 0;
			defaultConfigurationName = Release;
		};
		83D960F828A2583A00D7825C /* Build configuration list for PBXNativeTarget "NetherchatTests" */ = {
			isa = XCConfigurationList;
			buildConfigurations = (
				83D960F928A2583A00D7825C /* Debug */,
				83D960FA28A2583A00D7825C /* Release */,
			);
			defaultConfigurationIsVisible = 0;
			defaultConfigurationName = Release;
		};
		83D960FB28A2583A00D7825C /* Build configuration list for PBXNativeTarget "NetherchatUITests" */ = {
			isa = XCConfigurationList;
			buildConfigurations = (
				83D960FC28A2583A00D7825C /* Debug */,
				83D960FD28A2583A00D7825C /* Release */,
			);
			defaultConfigurationIsVisible = 0;
			defaultConfigurationName = Release;
		};
/* End XCConfigurationList section */
	};
	rootObject = 83D960C328A2583800D7825C /* Project object */;
}
